
Microsoft Visual Studio Solution File, Format Version 12.00
# Visual Studio Version 16
VisualStudioVersion = 16.0.29609.76
MinimumVisualStudioVersion = 10.0.40219.1
Project("{9A19103F-16F7-4668-BE54-9A1E7A4F7556}") = "Gu.TwinCat", "Gu.TwinCat\Gu.TwinCat.csproj", "{DD0C001D-806D-4ABF-ADFD-FDBD6CC52D87}"
EndProject
Project("{9A19103F-16F7-4668-BE54-9A1E7A4F7556}") = "Gu.TwinCat.Tests", "Gu.TwinCat.Tests\Gu.TwinCat.Tests.csproj", "{56E06642-1A37-43FA-A7F5-B4200FDEB9CC}"
EndProject
Project("{2150E333-8FDC-42A3-9474-1A3956D46DE8}") = ".sln", ".sln", "{45490AFD-97C9-4F7D-8429-74E93E3857B6}"
	ProjectSection(SolutionItems) = preProject
		.editorconfig = .editorconfig
		.gitignore = .gitignore
	EndProjectSection
EndProject
Project("{9A19103F-16F7-4668-BE54-9A1E7A4F7556}") = "Gu.TwinCat.TestClient", "Gu.TwinCat.TestClient\Gu.TwinCat.TestClient.csproj", "{F5F05BAC-8CCB-4704-A760-7D23CD91AAB6}"
EndProject
Project("{2150E333-8FDC-42A3-9474-1A3956D46DE8}") = ".docs", ".docs", "{CAAE6D9B-7E89-407F-A134-B9A290F708BD}"
	ProjectSection(SolutionItems) = preProject
		LICENSE = LICENSE
	EndProjectSection
EndProject
Global
	GlobalSection(SolutionConfigurationPlatforms) = preSolution
		Debug|Any CPU = Debug|Any CPU
		Release|Any CPU = Release|Any CPU
	EndGlobalSection
	GlobalSection(ProjectConfigurationPlatforms) = postSolution
		{DD0C001D-806D-4ABF-ADFD-FDBD6CC52D87}.Debug|Any CPU.ActiveCfg = Debug|Any CPU
		{DD0C001D-806D-4ABF-ADFD-FDBD6CC52D87}.Debug|Any CPU.Build.0 = Debug|Any CPU
		{DD0C001D-806D-4ABF-ADFD-FDBD6CC52D87}.Release|Any CPU.ActiveCfg = Release|Any CPU
		{DD0C001D-806D-4ABF-ADFD-FDBD6CC52D87}.Release|Any CPU.Build.0 = Release|Any CPU
		{56E06642-1A37-43FA-A7F5-B4200FDEB9CC}.Debug|Any CPU.ActiveCfg = Debug|Any CPU
		{56E06642-1A37-43FA-A7F5-B4200FDEB9CC}.Debug|Any CPU.Build.0 = Debug|Any CPU
		{56E06642-1A37-43FA-A7F5-B4200FDEB9CC}.Release|Any CPU.ActiveCfg = Release|Any CPU
		{56E06642-1A37-43FA-A7F5-B4200FDEB9CC}.Release|Any CPU.Build.0 = Release|Any CPU
		{F5F05BAC-8CCB-4704-A760-7D23CD91AAB6}.Debug|Any CPU.ActiveCfg = Debug|Any CPU
		{F5F05BAC-8CCB-4704-A760-7D23CD91AAB6}.Debug|Any CPU.Build.0 = Debug|Any CPU
		{F5F05BAC-8CCB-4704-A760-7D23CD91AAB6}.Release|Any CPU.ActiveCfg = Release|Any CPU
		{F5F05BAC-8CCB-4704-A760-7D23CD91AAB6}.Release|Any CPU.Build.0 = Release|Any CPU
	EndGlobalSection
	GlobalSection(SolutionProperties) = preSolution
		HideSolutionNode = FALSE
	EndGlobalSection
	GlobalSection(ExtensibilityGlobals) = postSolution
		SolutionGuid = {876931FE-64ED-4EE3-AF40-882B60351E48}
	EndGlobalSection
EndGlobal
